
Microsoft Visual Studio Solution File, Format Version 12.00
# Visual Studio Version 17
VisualStudioVersion = 17.1.32210.238
MinimumVisualStudioVersion = 10.0.40219.1
Project("{FAE04EC0-301F-11D3-BF4B-00C04F79EFBC}") = "StardewFisher", "StardewFisher\StardewFisher.csproj", "{0B582357-3C3A-4AB4-AF34-56D5F19F42F1}"
EndProject
Global
	GlobalSection(SolutionConfigurationPlatforms) = preSolution
		Debug|Any CPU = Debug|Any CPU
		Release|Any CPU = Release|Any CPU
	EndGlobalSection
	GlobalSection(ProjectConfigurationPlatforms) = postSolution
		{0B582357-3C3A-4AB4-AF34-56D5F19F42F1}.Debug|Any CPU.ActiveCfg = Debug|Any CPU
		{0B582357-3C3A-4AB4-AF34-56D5F19F42F1}.Debug|Any CPU.Build.0 = Debug|Any CPU
		{0B582357-3C3A-4AB4-AF34-56D5F19F42F1}.Release|Any CPU.ActiveCfg = Release|Any CPU
		{0B582357-3C3A-4AB4-AF34-56D5F19F42F1}.Release|Any CPU.Build.0 = Release|Any CPU
	EndGlobalSection
	GlobalSection(SolutionProperties) = preSolution
		HideSolutionNode = FALSE
	EndGlobalSection
	GlobalSection(ExtensibilityGlobals) = postSolution
		SolutionGuid = {E2EB78F2-C153-4C9F-9A82-78EC0C9F25F8}
	EndGlobalSection
EndGlobal
